
Microsoft Visual Studio Solution File, Format Version 12.00
# Visual Studio Version 17
VisualStudioVersion = 17.14.37411.7
MinimumVisualStudioVersion = 10.0.40219.1
Project("{FAE04EC0-301F-11D3-BF4B-00C04F79EFBC}") = "ChatApp.Domain", "ChatApp.Domain\ChatApp.Domain.csproj", "{BAB8BB6E-9898-42DD-B427-658FC9BFF3EF}"
EndProject
Project("{FAE04EC0-301F-11D3-BF4B-00C04F79EFBC}") = "ChatApp.Infrastructure", "ChatApp.Infrastructure\ChatApp.Infrastructure.csproj", "{CB237156-0B30-4BD8-80F0-011D591EEA66}"
EndProject
Project("{FAE04EC0-301F-11D3-BF4B-00C04F79EFBC}") = "ChatApp.Application", "ChatApp.Application\ChatApp.Application.csproj", "{0F48A43A-B98F-422F-B712-52C22FC5A1A6}"
EndProject
Project("{FAE04EC0-301F-11D3-BF4B-00C04F79EFBC}") = "ChatApp.Api", "ChatApp.Api\ChatApp.Api.csproj", "{4C089B6F-8132-4072-A870-3DBD5EFB8B18}"
EndProject
Project("{2150E333-8FDC-42A3-9474-1A3956D46DE8}") = "Client", "Client", "{02EA681E-C7D8-13C7-8484-4AC65E1B71E8}"
	ProjectSection(SolutionItems) = preProject
		index.html = index.html
		script.js = script.js
	EndProjectSection
EndProject
Global
	GlobalSection(SolutionConfigurationPlatforms) = preSolution
		Debug|Any CPU = Debug|Any CPU
		Release|Any CPU = Release|Any CPU
	EndGlobalSection
	GlobalSection(ProjectConfigurationPlatforms) = postSolution
		{BAB8BB6E-9898-42DD-B427-658FC9BFF3EF}.Debug|Any CPU.ActiveCfg = Debug|Any CPU
		{BAB8BB6E-9898-42DD-B427-658FC9BFF3EF}.Debug|Any CPU.Build.0 = Debug|Any CPU
		{BAB8BB6E-9898-42DD-B427-658FC9BFF3EF}.Release|Any CPU.ActiveCfg = Release|Any CPU
		{BAB8BB6E-9898-42DD-B427-658FC9BFF3EF}.Release|Any CPU.Build.0 = Release|Any CPU
		{CB237156-0B30-4BD8-80F0-011D591EEA66}.Debug|Any CPU.ActiveCfg = Debug|Any CPU
		{CB237156-0B30-4BD8-80F0-011D591EEA66}.Debug|Any CPU.Build.0 = Debug|Any CPU
		{CB237156-0B30-4BD8-80F0-011D591EEA66}.Release|Any CPU.ActiveCfg = Release|Any CPU
		{CB237156-0B30-4BD8-80F0-011D591EEA66}.Release|Any CPU.Build.0 = Release|Any CPU
		{0F48A43A-B98F-422F-B712-52C22FC5A1A6}.Debug|Any CPU.ActiveCfg = Debug|Any CPU
		{0F48A43A-B98F-422F-B712-52C22FC5A1A6}.Debug|Any CPU.Build.0 = Debug|Any CPU
		{0F48A43A-B98F-422F-B712-52C22FC5A1A6}.Release|Any CPU.ActiveCfg = Release|Any CPU
		{0F48A43A-B98F-422F-B712-52C22FC5A1A6}.Release|Any CPU.Build.0 = Release|Any CPU
		{4C089B6F-8132-4072-A870-3DBD5EFB8B18}.Debug|Any CPU.ActiveCfg = Debug|Any CPU
		{4C089B6F-8132-4072-A870-3DBD5EFB8B18}.Debug|Any CPU.Build.0 = Debug|Any CPU
		{4C089B6F-8132-4072-A870-3DBD5EFB8B18}.Release|Any CPU.ActiveCfg = Release|Any CPU
		{4C089B6F-8132-4072-A870-3DBD5EFB8B18}.Release|Any CPU.Build.0 = Release|Any CPU
	EndGlobalSection
	GlobalSection(SolutionProperties) = preSolution
		HideSolutionNode = FALSE
	EndGlobalSection
	GlobalSection(ExtensibilityGlobals) = postSolution
		SolutionGuid = {BA893C7B-0713-487A-AC30-DFC308AA7569}
	EndGlobalSection
EndGlobal
